
Microsoft Visual Studio Solution File, Format Version 12.00
# Visual Studio 14
VisualStudioVersion = 14.0.23107.0
MinimumVisualStudioVersion = 10.0.40219.1
Project("{FAE04EC0-301F-11D3-BF4B-00C04F79EFBC}") = "Crypto1_DecryptSecretMessage", "Crypto1_DecryptSecretMessage\Crypto1_DecryptSecretMessage.csproj", "{C8580896-F767-4D6F-8360-8C10025FC7DA}"
EndProject
Project("{FAE04EC0-301F-11D3-BF4B-00C04F79EFBC}") = "DecryptSecretMessageTest", "DecryptSecretMessageTest\DecryptSecretMessageTest.csproj", "{6D39A592-A071-46D3-962C-0ECC282C2E21}"
EndProject
Global
	GlobalSection(SolutionConfigurationPlatforms) = preSolution
		Debug|Any CPU = Debug|Any CPU
		Release|Any CPU = Release|Any CPU
	EndGlobalSection
	GlobalSection(ProjectConfigurationPlatforms) = postSolution
		{C8580896-F767-4D6F-8360-8C10025FC7DA}.Debug|Any CPU.ActiveCfg = Debug|Any CPU
		{C8580896-F767-4D6F-8360-8C10025FC7DA}.Debug|Any CPU.Build.0 = Debug|Any CPU
		{C8580896-F767-4D6F-8360-8C10025FC7DA}.Release|Any CPU.ActiveCfg = Release|Any CPU
		{C8580896-F767-4D6F-8360-8C10025FC7DA}.Release|Any CPU.Build.0 = Release|Any CPU
		{6D39A592-A071-46D3-962C-0ECC282C2E21}.Debug|Any CPU.ActiveCfg = Debug|Any CPU
		{6D39A592-A071-46D3-962C-0ECC282C2E21}.Debug|Any CPU.Build.0 = Debug|Any CPU
		{6D39A592-A071-46D3-962C-0ECC282C2E21}.Release|Any CPU.ActiveCfg = Release|Any CPU
		{6D39A592-A071-46D3-962C-0ECC282C2E21}.Release|Any CPU.Build.0 = Release|Any CPU
	EndGlobalSection
	GlobalSection(SolutionProperties) = preSolution
		HideSolutionNode = FALSE
	EndGlobalSection
EndGlobal
